
Microsoft Visual Studio Solution File, Format Version 12.00
# Visual Studio Version 17
VisualStudioVersion = 17.12.35527.113 d17.12
MinimumVisualStudioVersion = 10.0.40219.1
Project("{FAE04EC0-301F-11D3-BF4B-00C04F79EFBC}") = "RequestSample", "RequestSample\RequestSample.csproj", "{9BBC66FA-EC5E-4E47-B546-790E112331F2}"
EndProject
Project("{FAE04EC0-301F-11D3-BF4B-00C04F79EFBC}") = "RequestSampleWPF", "RequestSampleWPF\RequestSampleWPF.csproj", "{35A7A249-3DA9-4E13-AE84-980A89D48DF2}"
EndProject
Project("{FAE04EC0-301F-11D3-BF4B-00C04F79EFBC}") = "RequestWCFService", "RequestWCFService\RequestWCFService.csproj", "{D5174CF0-43B4-49A8-B9F5-31E46640C461}"
EndProject
Global
	GlobalSection(SolutionConfigurationPlatforms) = preSolution
		Debug|Any CPU = Debug|Any CPU
		Release|Any CPU = Release|Any CPU
	EndGlobalSection
	GlobalSection(ProjectConfigurationPlatforms) = postSolution
		{9BBC66FA-EC5E-4E47-B546-790E112331F2}.Debug|Any CPU.ActiveCfg = Debug|Any CPU
		{9BBC66FA-EC5E-4E47-B546-790E112331F2}.Debug|Any CPU.Build.0 = Debug|Any CPU
		{9BBC66FA-EC5E-4E47-B546-790E112331F2}.Release|Any CPU.ActiveCfg = Release|Any CPU
		{9BBC66FA-EC5E-4E47-B546-790E112331F2}.Release|Any CPU.Build.0 = Release|Any CPU
		{35A7A249-3DA9-4E13-AE84-980A89D48DF2}.Debug|Any CPU.ActiveCfg = Debug|Any CPU
		{35A7A249-3DA9-4E13-AE84-980A89D48DF2}.Debug|Any CPU.Build.0 = Debug|Any CPU
		{35A7A249-3DA9-4E13-AE84-980A89D48DF2}.Release|Any CPU.ActiveCfg = Release|Any CPU
		{35A7A249-3DA9-4E13-AE84-980A89D48DF2}.Release|Any CPU.Build.0 = Release|Any CPU
		{D5174CF0-43B4-49A8-B9F5-31E46640C461}.Debug|Any CPU.ActiveCfg = Debug|Any CPU
		{D5174CF0-43B4-49A8-B9F5-31E46640C461}.Debug|Any CPU.Build.0 = Debug|Any CPU
		{D5174CF0-43B4-49A8-B9F5-31E46640C461}.Release|Any CPU.ActiveCfg = Release|Any CPU
		{D5174CF0-43B4-49A8-B9F5-31E46640C461}.Release|Any CPU.Build.0 = Release|Any CPU
	EndGlobalSection
	GlobalSection(SolutionProperties) = preSolution
		HideSolutionNode = FALSE
	EndGlobalSection
EndGlobal
